
Microsoft Visual Studio Solution File, Format Version 12.00
# Visual Studio Version 17
VisualStudioVersion = 17.0.31903.59
MinimumVisualStudioVersion = 10.0.40219.1
Project("{2150E333-8FDC-42A3-9474-1A3956D46DE8}") = "src", "src", "{9DFCE78A-D655-4130-86A2-A53CDB71D940}"
	ProjectSection(SolutionItems) = preProject
		src\dockerfile = src\dockerfile
	EndProjectSection
EndProject
Project("{2150E333-8FDC-42A3-9474-1A3956D46DE8}") = "tests", "tests", "{6FCDC13F-222E-4592-8FA3-B45B811B9A5A}"
EndProject
Project("{FAE04EC0-301F-11D3-BF4B-00C04F79EFBC}") = "Application", "src\Application\Application.csproj", "{83F40439-D192-4D2E-B4C4-9D2FD3F73833}"
EndProject
Project("{FAE04EC0-301F-11D3-BF4B-00C04F79EFBC}") = "Domain", "src\Domain\Domain.csproj", "{73F9AAB8-43B9-4EFF-99B4-C8B0934B0550}"
EndProject
Project("{FAE04EC0-301F-11D3-BF4B-00C04F79EFBC}") = "Infra.Ioc", "src\Infra.Ioc\Infra.Ioc.csproj", "{E8903C5A-294A-4BE9-B649-2FF007DA0ED3}"
EndProject
Project("{FAE04EC0-301F-11D3-BF4B-00C04F79EFBC}") = "Domain.Tests", "tests\Domain.Tests\Domain.Tests.csproj", "{80A494AE-C8F8-4B73-B974-F8886BA31459}"
EndProject
Project("{FAE04EC0-301F-11D3-BF4B-00C04F79EFBC}") = "Application.Tests", "tests\Application.Tests\Application.Tests.csproj", "{431E6570-6905-4001-884F-F15E707555E8}"
EndProject
Project("{FAE04EC0-301F-11D3-BF4B-00C04F79EFBC}") = "Infra.Data", "tests\Infra.Data\Infra.Data.csproj", "{7E2A2212-B4EA-4CF3-9A95-58840E68E118}"
EndProject
Project("{FAE04EC0-301F-11D3-BF4B-00C04F79EFBC}") = "API", "src\API\API.csproj", "{6BECFE11-0372-4C5C-9A4C-BE7232AA95CA}"
EndProject
Project("{FAE04EC0-301F-11D3-BF4B-00C04F79EFBC}") = "Infra.Data", "src\Infra.Data\Infra.Data.csproj", "{FEC7527B-8FD0-437A-8661-53A193B3234F}"
EndProject
Global
	GlobalSection(SolutionConfigurationPlatforms) = preSolution
		Debug|Any CPU = Debug|Any CPU
		Release|Any CPU = Release|Any CPU
	EndGlobalSection
	GlobalSection(SolutionProperties) = preSolution
		HideSolutionNode = FALSE
	EndGlobalSection
	GlobalSection(NestedProjects) = preSolution
		{83F40439-D192-4D2E-B4C4-9D2FD3F73833} = {9DFCE78A-D655-4130-86A2-A53CDB71D940}
		{73F9AAB8-43B9-4EFF-99B4-C8B0934B0550} = {9DFCE78A-D655-4130-86A2-A53CDB71D940}
		{E8903C5A-294A-4BE9-B649-2FF007DA0ED3} = {9DFCE78A-D655-4130-86A2-A53CDB71D940}
		{80A494AE-C8F8-4B73-B974-F8886BA31459} = {6FCDC13F-222E-4592-8FA3-B45B811B9A5A}
		{431E6570-6905-4001-884F-F15E707555E8} = {6FCDC13F-222E-4592-8FA3-B45B811B9A5A}
		{7E2A2212-B4EA-4CF3-9A95-58840E68E118} = {6FCDC13F-222E-4592-8FA3-B45B811B9A5A}
		{6BECFE11-0372-4C5C-9A4C-BE7232AA95CA} = {9DFCE78A-D655-4130-86A2-A53CDB71D940}
		{FEC7527B-8FD0-437A-8661-53A193B3234F} = {9DFCE78A-D655-4130-86A2-A53CDB71D940}
	EndGlobalSection
	GlobalSection(ProjectConfigurationPlatforms) = postSolution
		{83F40439-D192-4D2E-B4C4-9D2FD3F73833}.Debug|Any CPU.ActiveCfg = Debug|Any CPU
		{83F40439-D192-4D2E-B4C4-9D2FD3F73833}.Debug|Any CPU.Build.0 = Debug|Any CPU
		{83F40439-D192-4D2E-B4C4-9D2FD3F73833}.Release|Any CPU.ActiveCfg = Release|Any CPU
		{83F40439-D192-4D2E-B4C4-9D2FD3F73833}.Release|Any CPU.Build.0 = Release|Any CPU
		{73F9AAB8-43B9-4EFF-99B4-C8B0934B0550}.Debug|Any CPU.ActiveCfg = Debug|Any CPU
		{73F9AAB8-43B9-4EFF-99B4-C8B0934B0550}.Debug|Any CPU.Build.0 = Debug|Any CPU
		{73F9AAB8-43B9-4EFF-99B4-C8B0934B0550}.Release|Any CPU.ActiveCfg = Release|Any CPU
		{73F9AAB8-43B9-4EFF-99B4-C8B0934B0550}.Release|Any CPU.Build.0 = Release|Any CPU
		{E8903C5A-294A-4BE9-B649-2FF007DA0ED3}.Debug|Any CPU.ActiveCfg = Debug|Any CPU
		{E8903C5A-294A-4BE9-B649-2FF007DA0ED3}.Debug|Any CPU.Build.0 = Debug|Any CPU
		{E8903C5A-294A-4BE9-B649-2FF007DA0ED3}.Release|Any CPU.ActiveCfg = Release|Any CPU
		{E8903C5A-294A-4BE9-B649-2FF007DA0ED3}.Release|Any CPU.Build.0 = Release|Any CPU
		{80A494AE-C8F8-4B73-B974-F8886BA31459}.Debug|Any CPU.ActiveCfg = Debug|Any CPU
		{80A494AE-C8F8-4B73-B974-F8886BA31459}.Debug|Any CPU.Build.0 = Debug|Any CPU
		{80A494AE-C8F8-4B73-B974-F8886BA31459}.Release|Any CPU.ActiveCfg = Release|Any CPU
		{80A494AE-C8F8-4B73-B974-F8886BA31459}.Release|Any CPU.Build.0 = Release|Any CPU
		{431E6570-6905-4001-884F-F15E707555E8}.Debug|Any CPU.ActiveCfg = Debug|Any CPU
		{431E6570-6905-4001-884F-F15E707555E8}.Debug|Any CPU.Build.0 = Debug|Any CPU
		{431E6570-6905-4001-884F-F15E707555E8}.Release|Any CPU.ActiveCfg = Release|Any CPU
		{431E6570-6905-4001-884F-F15E707555E8}.Release|Any CPU.Build.0 = Release|Any CPU
		{7E2A2212-B4EA-4CF3-9A95-58840E68E118}.Debug|Any CPU.ActiveCfg = Debug|Any CPU
		{7E2A2212-B4EA-4CF3-9A95-58840E68E118}.Debug|Any CPU.Build.0 = Debug|Any CPU
		{7E2A2212-B4EA-4CF3-9A95-58840E68E118}.Release|Any CPU.ActiveCfg = Release|Any CPU
		{7E2A2212-B4EA-4CF3-9A95-58840E68E118}.Release|Any CPU.Build.0 = Release|Any CPU
		{6BECFE11-0372-4C5C-9A4C-BE7232AA95CA}.Debug|Any CPU.ActiveCfg = Debug|Any CPU
		{6BECFE11-0372-4C5C-9A4C-BE7232AA95CA}.Debug|Any CPU.Build.0 = Debug|Any CPU
		{6BECFE11-0372-4C5C-9A4C-BE7232AA95CA}.Release|Any CPU.ActiveCfg = Release|Any CPU
		{6BECFE11-0372-4C5C-9A4C-BE7232AA95CA}.Release|Any CPU.Build.0 = Release|Any CPU
		{FEC7527B-8FD0-437A-8661-53A193B3234F}.Debug|Any CPU.ActiveCfg = Debug|Any CPU
		{FEC7527B-8FD0-437A-8661-53A193B3234F}.Debug|Any CPU.Build.0 = Debug|Any CPU
		{FEC7527B-8FD0-437A-8661-53A193B3234F}.Release|Any CPU.ActiveCfg = Release|Any CPU
		{FEC7527B-8FD0-437A-8661-53A193B3234F}.Release|Any CPU.Build.0 = Release|Any CPU
	EndGlobalSection
EndGlobal
